
Microsoft Visual Studio Solution File, Format Version 12.00
# Visual Studio Version 16
VisualStudioVersion = 16.0.32510.428
MinimumVisualStudioVersion = 10.0.40219.1
Project("{FAE04EC0-301F-11D3-BF4B-00C04F79EFBC}") = "WinForm3", "WinForm3\WinForm3.csproj", "{BD44D29E-632E-4496-A166-9FC9E1C6577A}"
EndProject
Global
	GlobalSection(SolutionConfigurationPlatforms) = preSolution
		Debug|Any CPU = Debug|Any CPU
		Release|Any CPU = Release|Any CPU
	EndGlobalSection
	GlobalSection(ProjectConfigurationPlatforms) = postSolution
		{BD44D29E-632E-4496-A166-9FC9E1C6577A}.Debug|Any CPU.ActiveCfg = Debug|Any CPU
		{BD44D29E-632E-4496-A166-9FC9E1C6577A}.Debug|Any CPU.Build.0 = Debug|Any CPU
		{BD44D29E-632E-4496-A166-9FC9E1C6577A}.Release|Any CPU.ActiveCfg = Release|Any CPU
		{BD44D29E-632E-4496-A166-9FC9E1C6577A}.Release|Any CPU.Build.0 = Release|Any CPU
	EndGlobalSection
	GlobalSection(SolutionProperties) = preSolution
		HideSolutionNode = FALSE
	EndGlobalSection
	GlobalSection(ExtensibilityGlobals) = postSolution
		SolutionGuid = {1DBF2101-A1E0-405B-ACC7-BA4231239637}
	EndGlobalSection
EndGlobal
